// !$*UTF8*$!
{
	archiveVersion = 1;
	classes = {
	};
	objectVersion = 70;
	objects = {

/* Begin PBXBuildFile section */
		500F21AE29B78F44007E8D3E /* WSEIScheduleWatch.app in Embed Watch Content */ = {isa = PBXBuildFile; fileRef = 500F218B29B78F43007E8D3E /* WSEIScheduleWatch.app */; platformFilter = ios; settings = {ATTRIBUTES = (RemoveHeadersOnCopy, ); }; };
		50BB499A26A351AE00BFE87B /* SwiftSoup in Frameworks */ = {isa = PBXBuildFile; productRef = 50BB499926A351AE00BFE87B /* SwiftSoup */; };
		57791D6523C6150400F91D7F /* StoreKit.framework in Frameworks */ = {isa = PBXBuildFile; fileRef = 57791D6423C6150400F91D7F /* StoreKit.framework */; };
		57A6BEA82530904700E9B26C /* WidgetKit.framework in Frameworks */ = {isa = PBXBuildFile; fileRef = 57A6BEA72530904700E9B26C /* WidgetKit.framework */; };
		57A6BEAA2530904700E9B26C /* SwiftUI.framework in Frameworks */ = {isa = PBXBuildFile; fileRef = 57A6BEA92530904700E9B26C /* SwiftUI.framework */; };
		57A6BEB32530904800E9B26C /* ScheduleWidgetExtension.appex in Embed Foundation Extensions */ = {isa = PBXBuildFile; fileRef = 57A6BEA62530904700E9B26C /* ScheduleWidgetExtension.appex */; settings = {ATTRIBUTES = (RemoveHeadersOnCopy, ); }; };
/* End PBXBuildFile section */

/* Begin PBXContainerItemProxy section */
		500F21AC29B78F44007E8D3E /* PBXContainerItemProxy */ = {
			isa = PBXContainerItemProxy;
			containerPortal = 57AD314522AE6B50009EEB1F /* Project object */;
			proxyType = 1;
			remoteGlobalIDString = 500F218A29B78F43007E8D3E;
			remoteInfo = "WSEIScheduleWatch Watch App";
		};
		57A6BEB12530904800E9B26C /* PBXContainerItemProxy */ = {
			isa = PBXContainerItemProxy;
			containerPortal = 57AD314522AE6B50009EEB1F /* Project object */;
			proxyType = 1;
			remoteGlobalIDString = 57A6BEA52530904700E9B26C;
			remoteInfo = ScheduleWidgetExtension;
		};
		57AD316422AE6B51009EEB1F /* PBXContainerItemProxy */ = {
			isa = PBXContainerItemProxy;
			containerPortal = 57AD314522AE6B50009EEB1F /* Project object */;
			proxyType = 1;
			remoteGlobalIDString = 57AD314C22AE6B50009EEB1F;
			remoteInfo = WSEISchedule;
		};
		57AD316F22AE6B51009EEB1F /* PBXContainerItemProxy */ = {
			isa = PBXContainerItemProxy;
			containerPortal = 57AD314522AE6B50009EEB1F /* Project object */;
			proxyType = 1;
			remoteGlobalIDString = 57AD314C22AE6B50009EEB1F;
			remoteInfo = WSEISchedule;
		};
/* End PBXContainerItemProxy section */

/* Begin PBXCopyFilesBuildPhase section */
		501B1A2829BB8BAB008AACAA /* Embed Foundation Extensions */ = {
			isa = PBXCopyFilesBuildPhase;
			buildActionMask = 2147483647;
			dstPath = "";
			dstSubfolderSpec = 13;
			files = (
			);
			name = "Embed Foundation Extensions";
			runOnlyForDeploymentPostprocessing = 0;
		};
		578A730622BA4C890009130A /* Embed Watch Content */ = {
			isa = PBXCopyFilesBuildPhase;
			buildActionMask = 2147483647;
			dstPath = "$(CONTENTS_FOLDER_PATH)/Watch";
			dstSubfolderSpec = 16;
			files = (
				500F21AE29B78F44007E8D3E /* WSEIScheduleWatch.app in Embed Watch Content */,
			);
			name = "Embed Watch Content";
			runOnlyForDeploymentPostprocessing = 0;
		};
		57DDE76422B79B3500924367 /* Embed Foundation Extensions */ = {
			isa = PBXCopyFilesBuildPhase;
			buildActionMask = 2147483647;
			dstPath = "";
			dstSubfolderSpec = 13;
			files = (
				57A6BEB32530904800E9B26C /* ScheduleWidgetExtension.appex in Embed Foundation Extensions */,
			);
			name = "Embed Foundation Extensions";
			runOnlyForDeploymentPostprocessing = 0;
		};
/* End PBXCopyFilesBuildPhase section */

/* Begin PBXFileReference section */
		500F218B29B78F43007E8D3E /* WSEIScheduleWatch.app */ = {isa = PBXFileReference; explicitFileType = wrapper.application; includeInIndex = 0; path = WSEIScheduleWatch.app; sourceTree = BUILT_PRODUCTS_DIR; };
		502FE9E425BA14CD0050FEBA /* generate_screenshots.sh */ = {isa = PBXFileReference; lastKnownFileType = text.script.sh; path = generate_screenshots.sh; sourceTree = "<group>"; };
		57791D6423C6150400F91D7F /* StoreKit.framework */ = {isa = PBXFileReference; lastKnownFileType = wrapper.framework; name = StoreKit.framework; path = System/Library/Frameworks/StoreKit.framework; sourceTree = SDKROOT; };
		57A6BEA62530904700E9B26C /* ScheduleWidgetExtension.appex */ = {isa = PBXFileReference; explicitFileType = "wrapper.app-extension"; includeInIndex = 0; path = ScheduleWidgetExtension.appex; sourceTree = BUILT_PRODUCTS_DIR; };
		57A6BEA72530904700E9B26C /* WidgetKit.framework */ = {isa = PBXFileReference; lastKnownFileType = wrapper.framework; name = WidgetKit.framework; path = System/Library/Frameworks/WidgetKit.framework; sourceTree = SDKROOT; };
		57A6BEA92530904700E9B26C /* SwiftUI.framework */ = {isa = PBXFileReference; lastKnownFileType = wrapper.framework; name = SwiftUI.framework; path = System/Library/Frameworks/SwiftUI.framework; sourceTree = SDKROOT; };
		57A6BEB42530904900E9B26C /* ScheduleWidgetExtension.entitlements */ = {isa = PBXFileReference; lastKnownFileType = text.plist.entitlements; path = ScheduleWidgetExtension.entitlements; sourceTree = "<group>"; };
		57AD314D22AE6B50009EEB1F /* WSEISchedule.app */ = {isa = PBXFileReference; explicitFileType = wrapper.application; includeInIndex = 0; path = WSEISchedule.app; sourceTree = BUILT_PRODUCTS_DIR; };
		57AD316322AE6B51009EEB1F /* WSEIScheduleTests.xctest */ = {isa = PBXFileReference; explicitFileType = wrapper.cfbundle; includeInIndex = 0; path = WSEIScheduleTests.xctest; sourceTree = BUILT_PRODUCTS_DIR; };
		57AD316E22AE6B51009EEB1F /* WSEIScheduleUITests.xctest */ = {isa = PBXFileReference; explicitFileType = wrapper.cfbundle; includeInIndex = 0; path = WSEIScheduleUITests.xctest; sourceTree = BUILT_PRODUCTS_DIR; };
		57DDE75822B79B3500924367 /* NotificationCenter.framework */ = {isa = PBXFileReference; lastKnownFileType = wrapper.framework; name = NotificationCenter.framework; path = System/Library/Frameworks/NotificationCenter.framework; sourceTree = SDKROOT; };
/* End PBXFileReference section */

/* Begin PBXFileSystemSynchronizedBuildFileExceptionSet section */
		50E408712D5AA2C1007F5962 /* PBXFileSystemSynchronizedBuildFileExceptionSet */ = {
			isa = PBXFileSystemSynchronizedBuildFileExceptionSet;
			membershipExceptions = (
				Info.plist,
			);
			target = 57AD314C22AE6B50009EEB1F /* WSEISchedule */;
		};
		50E408722D5AA2C1007F5962 /* PBXFileSystemSynchronizedBuildFileExceptionSet */ = {
			isa = PBXFileSystemSynchronizedBuildFileExceptionSet;
			membershipExceptions = (
				"Extensions/ProcessInfo+Tests.swift",
			);
			target = 57AD316222AE6B51009EEB1F /* WSEIScheduleTests */;
		};
		50E408732D5AA2C1007F5962 /* PBXFileSystemSynchronizedBuildFileExceptionSet */ = {
			isa = PBXFileSystemSynchronizedBuildFileExceptionSet;
			membershipExceptions = (
				"Extensions/ProcessInfo+Tests.swift",
			);
			target = 57AD316D22AE6B51009EEB1F /* WSEIScheduleUITests */;
		};
		50E408742D5AA2C1007F5962 /* PBXFileSystemSynchronizedBuildFileExceptionSet */ = {
			isa = PBXFileSystemSynchronizedBuildFileExceptionSet;
			membershipExceptions = (
				"Extensions/Date+Extensions.swift",
				"Extensions/Dictionary/Dictionary+Sequence.swift",
				"Extensions/Named/Image+Named.swift",
				"Extensions/String/RawRepresentable+String.swift",
				"Extensions/String/String+Localized.swift",
				"Extensions/View/View+HeightReader.swift",
				InfoPlist.xcstrings,
				Mocks/MockData.swift,
				Models/Grade.swift,
				Models/Lecture/CoreDataLecture.swift,
				Models/Lecture/Lecture.swift,
				Models/Lecture/LectureDay.swift,
				Modifiers/AnimatableRowHeight.swift,
				PropertyWrappers/DispatchMainPublished.swift,
				Resources/Colors.xcassets,
				Resources/Translations/Accessibility.xcstrings,
				Resources/Translations/Grades.xcstrings,
				Resources/Translations/Other.xcstrings,
				Resources/Translations/Premium.xcstrings,
				Resources/Translations/Schedule.xcstrings,
				Resources/Translations/ScheduleHistory.xcstrings,
				Resources/Translations/Settings.xcstrings,
				Resources/Translations/SignIn.xcstrings,
				Resources/Translations/Watch.xcstrings,
				Resources/Translations/Widget.xcstrings,
			);
			target = 500F218A29B78F43007E8D3E /* WSEIScheduleWatch */;
		};
		50E408752D5AA2C1007F5962 /* PBXFileSystemSynchronizedBuildFileExceptionSet */ = {
			isa = PBXFileSystemSynchronizedBuildFileExceptionSet;
			membershipExceptions = (
				"Extensions/Date+Extensions.swift",
				"Extensions/Dictionary/Dictionary+Sequence.swift",
				"Extensions/Named/Color+Named.swift",
				"Extensions/Named/Image+Named.swift",
				"Extensions/String/RawRepresentable+String.swift",
				"Extensions/String/String+Localized.swift",
				InfoPlist.xcstrings,
				Mocks/MockData.swift,
				Models/Grade.swift,
				Models/Lecture/CoreDataLecture.swift,
				Models/Lecture/Lecture.swift,
				Resources/Colors.xcassets,
				Resources/Lectures.xcdatamodeld,
				Resources/Translations/Accessibility.xcstrings,
				Resources/Translations/Grades.xcstrings,
				Resources/Translations/Other.xcstrings,
				Resources/Translations/Premium.xcstrings,
				Resources/Translations/Schedule.xcstrings,
				Resources/Translations/ScheduleHistory.xcstrings,
				Resources/Translations/Settings.xcstrings,
				Resources/Translations/SignIn.xcstrings,
				Resources/Translations/Watch.xcstrings,
				Resources/Translations/Widget.xcstrings,
				Utilities/NSSharedPersistentContainer.swift,
			);
			target = 57A6BEA52530904700E9B26C /* ScheduleWidgetExtension */;
		};
		50E4089B2D5AA2DA007F5962 /* PBXFileSystemSynchronizedBuildFileExceptionSet */ = {
			isa = PBXFileSystemSynchronizedBuildFileExceptionSet;
			membershipExceptions = (
				WSEIScheduleTests.swift,
			);
			target = 57AD316222AE6B51009EEB1F /* WSEIScheduleTests */;
		};
		50E408A02D5AA2DE007F5962 /* PBXFileSystemSynchronizedBuildFileExceptionSet */ = {
			isa = PBXFileSystemSynchronizedBuildFileExceptionSet;
			membershipExceptions = (
				WSEIScheduleUITests.swift,
			);
			target = 57AD316D22AE6B51009EEB1F /* WSEIScheduleUITests */;
		};
		50E408B82D5AA2E2007F5962 /* PBXFileSystemSynchronizedBuildFileExceptionSet */ = {
			isa = PBXFileSystemSynchronizedBuildFileExceptionSet;
			membershipExceptions = (
				Info.plist,
			);
			target = 500F218A29B78F43007E8D3E /* WSEIScheduleWatch */;
		};
		50E408DE2D5AA2E6007F5962 /* PBXFileSystemSynchronizedBuildFileExceptionSet */ = {
			isa = PBXFileSystemSynchronizedBuildFileExceptionSet;
			membershipExceptions = (
				Info.plist,
			);
			target = 57A6BEA52530904700E9B26C /* ScheduleWidgetExtension */;
		};
/* End PBXFileSystemSynchronizedBuildFileExceptionSet section */

/* Begin PBXFileSystemSynchronizedRootGroup section */
		50E407D62D5AA2C1007F5962 /* WSEISchedule */ = {isa = PBXFileSystemSynchronizedRootGroup; exceptions = (50E408712D5AA2C1007F5962 /* PBXFileSystemSynchronizedBuildFileExceptionSet */, 50E408722D5AA2C1007F5962 /* PBXFileSystemSynchronizedBuildFileExceptionSet */, 50E408732D5AA2C1007F5962 /* PBXFileSystemSynchronizedBuildFileExceptionSet */, 50E408742D5AA2C1007F5962 /* PBXFileSystemSynchronizedBuildFileExceptionSet */, 50E408752D5AA2C1007F5962 /* PBXFileSystemSynchronizedBuildFileExceptionSet */, ); explicitFileTypes = {}; explicitFolders = (); path = WSEISchedule; sourceTree = "<group>"; };
		50E408992D5AA2D9007F5962 /* WSEIScheduleTests */ = {isa = PBXFileSystemSynchronizedRootGroup; exceptions = (50E4089B2D5AA2DA007F5962 /* PBXFileSystemSynchronizedBuildFileExceptionSet */, ); explicitFileTypes = {}; explicitFolders = (); path = WSEIScheduleTests; sourceTree = "<group>"; };
		50E4089E2D5AA2DE007F5962 /* WSEIScheduleUITests */ = {isa = PBXFileSystemSynchronizedRootGroup; exceptions = (50E408A02D5AA2DE007F5962 /* PBXFileSystemSynchronizedBuildFileExceptionSet */, ); explicitFileTypes = {}; explicitFolders = (); path = WSEIScheduleUITests; sourceTree = "<group>"; };
		50E408AD2D5AA2E2007F5962 /* WSEIScheduleWatch */ = {isa = PBXFileSystemSynchronizedRootGroup; exceptions = (50E408B82D5AA2E2007F5962 /* PBXFileSystemSynchronizedBuildFileExceptionSet */, ); explicitFileTypes = {}; explicitFolders = (); path = WSEIScheduleWatch; sourceTree = "<group>"; };
		50E408CC2D5AA2E6007F5962 /* ScheduleWidget */ = {isa = PBXFileSystemSynchronizedRootGroup; exceptions = (50E408DE2D5AA2E6007F5962 /* PBXFileSystemSynchronizedBuildFileExceptionSet */, ); explicitFileTypes = {}; explicitFolders = (); path = ScheduleWidget; sourceTree = "<group>"; };
/* End PBXFileSystemSynchronizedRootGroup section */

/* Begin PBXFrameworksBuildPhase section */
		500F218829B78F43007E8D3E /* Frameworks */ = {
			isa = PBXFrameworksBuildPhase;
			buildActionMask = 2147483647;
			files = (
			);
			runOnlyForDeploymentPostprocessing = 0;
		};
		57A6BEA32530904700E9B26C /* Frameworks */ = {
			isa = PBXFrameworksBuildPhase;
			buildActionMask = 2147483647;
			files = (
				57A6BEAA2530904700E9B26C /* SwiftUI.framework in Frameworks */,
				57A6BEA82530904700E9B26C /* WidgetKit.framework in Frameworks */,
			);
			runOnlyForDeploymentPostprocessing = 0;
		};
		57AD314A22AE6B50009EEB1F /* Frameworks */ = {
			isa = PBXFrameworksBuildPhase;
			buildActionMask = 2147483647;
			files = (
				57791D6523C6150400F91D7F /* StoreKit.framework in Frameworks */,
				50BB499A26A351AE00BFE87B /* SwiftSoup in Frameworks */,
			);
			runOnlyForDeploymentPostprocessing = 0;
		};
		57AD316022AE6B51009EEB1F /* Frameworks */ = {
			isa = PBXFrameworksBuildPhase;
			buildActionMask = 2147483647;
			files = (
			);
			runOnlyForDeploymentPostprocessing = 0;
		};
		57AD316B22AE6B51009EEB1F /* Frameworks */ = {
			isa = PBXFrameworksBuildPhase;
			buildActionMask = 2147483647;
			files = (
			);
			runOnlyForDeploymentPostprocessing = 0;
		};
/* End PBXFrameworksBuildPhase section */

/* Begin PBXGroup section */
		57AD314422AE6B50009EEB1F = {
			isa = PBXGroup;
			children = (
				502FE9E425BA14CD0050FEBA /* generate_screenshots.sh */,
				57A6BEB42530904900E9B26C /* ScheduleWidgetExtension.entitlements */,
				50E407D62D5AA2C1007F5962 /* WSEISchedule */,
				50E408992D5AA2D9007F5962 /* WSEIScheduleTests */,
				50E4089E2D5AA2DE007F5962 /* WSEIScheduleUITests */,
				50E408AD2D5AA2E2007F5962 /* WSEIScheduleWatch */,
				50E408CC2D5AA2E6007F5962 /* ScheduleWidget */,
				57DDE75722B79B3500924367 /* Frameworks */,
				57AD314E22AE6B50009EEB1F /* Products */,
			);
			sourceTree = "<group>";
		};
		57AD314E22AE6B50009EEB1F /* Products */ = {
			isa = PBXGroup;
			children = (
				57AD314D22AE6B50009EEB1F /* WSEISchedule.app */,
				57AD316322AE6B51009EEB1F /* WSEIScheduleTests.xctest */,
				57AD316E22AE6B51009EEB1F /* WSEIScheduleUITests.xctest */,
				57A6BEA62530904700E9B26C /* ScheduleWidgetExtension.appex */,
				500F218B29B78F43007E8D3E /* WSEIScheduleWatch.app */,
			);
			name = Products;
			sourceTree = "<group>";
		};
		57DDE75722B79B3500924367 /* Frameworks */ = {
			isa = PBXGroup;
			children = (
				57791D6423C6150400F91D7F /* StoreKit.framework */,
				57DDE75822B79B3500924367 /* NotificationCenter.framework */,
				57A6BEA72530904700E9B26C /* WidgetKit.framework */,
				57A6BEA92530904700E9B26C /* SwiftUI.framework */,
			);
			name = Frameworks;
			sourceTree = "<group>";
		};
/* End PBXGroup section */

/* Begin PBXNativeTarget section */
		500F218A29B78F43007E8D3E /* WSEIScheduleWatch */ = {
			isa = PBXNativeTarget;
			buildConfigurationList = 500F21AF29B78F44007E8D3E /* Build configuration list for PBXNativeTarget "WSEIScheduleWatch" */;
			buildPhases = (
				500F218729B78F43007E8D3E /* Sources */,
				500F218829B78F43007E8D3E /* Frameworks */,
				500F218929B78F43007E8D3E /* Resources */,
				501B1A2829BB8BAB008AACAA /* Embed Foundation Extensions */,
			);
			buildRules = (
			);
			dependencies = (
				50E4FE5E2D595CC3007F5962 /* PBXTargetDependency */,
			);
			fileSystemSynchronizedGroups = (
				50E408AD2D5AA2E2007F5962 /* WSEIScheduleWatch */,
			);
			name = WSEIScheduleWatch;
			productName = "WSEIScheduleWatch Watch App";
			productReference = 500F218B29B78F43007E8D3E /* WSEIScheduleWatch.app */;
			productType = "com.apple.product-type.application";
		};
		57A6BEA52530904700E9B26C /* ScheduleWidgetExtension */ = {
			isa = PBXNativeTarget;
			buildConfigurationList = 57A6BEB72530904900E9B26C /* Build configuration list for PBXNativeTarget "ScheduleWidgetExtension" */;
			buildPhases = (
				57A6BEA22530904700E9B26C /* Sources */,
				57A6BEA32530904700E9B26C /* Frameworks */,
				57A6BEA42530904700E9B26C /* Resources */,
			);
			buildRules = (
			);
			dependencies = (
				50E4FE602D595CC7007F5962 /* PBXTargetDependency */,
			);
			fileSystemSynchronizedGroups = (
				50E408CC2D5AA2E6007F5962 /* ScheduleWidget */,
			);
			name = ScheduleWidgetExtension;
			productName = ScheduleWidgetExtension;
			productReference = 57A6BEA62530904700E9B26C /* ScheduleWidgetExtension.appex */;
			productType = "com.apple.product-type.app-extension";
		};
		57AD314C22AE6B50009EEB1F /* WSEISchedule */ = {
			isa = PBXNativeTarget;
			buildConfigurationList = 57AD317722AE6B51009EEB1F /* Build configuration list for PBXNativeTarget "WSEISchedule" */;
			buildPhases = (
				57AD314922AE6B50009EEB1F /* Sources */,
				57AD314A22AE6B50009EEB1F /* Frameworks */,
				57AD314B22AE6B50009EEB1F /* Resources */,
				57DDE76422B79B3500924367 /* Embed Foundation Extensions */,
				578A730622BA4C890009130A /* Embed Watch Content */,
			);
			buildRules = (
			);
			dependencies = (
				50E4FE452D59585F007F5962 /* PBXTargetDependency */,
				57A6BEB22530904800E9B26C /* PBXTargetDependency */,
				500F21AD29B78F44007E8D3E /* PBXTargetDependency */,
			);
			fileSystemSynchronizedGroups = (
				50E407D62D5AA2C1007F5962 /* WSEISchedule */,
			);
			name = WSEISchedule;
			packageProductDependencies = (
				50BB499926A351AE00BFE87B /* SwiftSoup */,
			);
			productName = WSEISchedule;
			productReference = 57AD314D22AE6B50009EEB1F /* WSEISchedule.app */;
			productType = "com.apple.product-type.application";
		};
		57AD316222AE6B51009EEB1F /* WSEIScheduleTests */ = {
			isa = PBXNativeTarget;
			buildConfigurationList = 57AD317A22AE6B51009EEB1F /* Build configuration list for PBXNativeTarget "WSEIScheduleTests" */;
			buildPhases = (
				57AD315F22AE6B51009EEB1F /* Sources */,
				57AD316022AE6B51009EEB1F /* Frameworks */,
				57AD316122AE6B51009EEB1F /* Resources */,
			);
			buildRules = (
			);
			dependencies = (
				57AD316522AE6B51009EEB1F /* PBXTargetDependency */,
			);
			name = WSEIScheduleTests;
			productName = WSEIScheduleTests;
			productReference = 57AD316322AE6B51009EEB1F /* WSEIScheduleTests.xctest */;
			productType = "com.apple.product-type.bundle.unit-test";
		};
		57AD316D22AE6B51009EEB1F /* WSEIScheduleUITests */ = {
			isa = PBXNativeTarget;
			buildConfigurationList = 57AD317D22AE6B51009EEB1F /* Build configuration list for PBXNativeTarget "WSEIScheduleUITests" */;
			buildPhases = (
				57AD316A22AE6B51009EEB1F /* Sources */,
				57AD316B22AE6B51009EEB1F /* Frameworks */,
				57AD316C22AE6B51009EEB1F /* Resources */,
			);
			buildRules = (
			);
			dependencies = (
				57AD317022AE6B51009EEB1F /* PBXTargetDependency */,
			);
			name = WSEIScheduleUITests;
			productName = WSEIScheduleUITests;
			productReference = 57AD316E22AE6B51009EEB1F /* WSEIScheduleUITests.xctest */;
			productType = "com.apple.product-type.bundle.ui-testing";
		};
/* End PBXNativeTarget section */

/* Begin PBXProject section */
		57AD314522AE6B50009EEB1F /* Project object */ = {
			isa = PBXProject;
			attributes = {
				BuildIndependentTargetsInParallel = YES;
				LastSwiftUpdateCheck = 1430;
				LastUpgradeCheck = 1430;
				ORGANIZATIONNAME = "Infinity Pi Ltd.";
				TargetAttributes = {
					500F218A29B78F43007E8D3E = {
						CreatedOnToolsVersion = 14.3;
					};
					57A6BEA52530904700E9B26C = {
						CreatedOnToolsVersion = 12.2;
						LastSwiftMigration = 1220;
					};
					57AD314C22AE6B50009EEB1F = {
						CreatedOnToolsVersion = 11.0;
					};
					57AD316222AE6B51009EEB1F = {
						CreatedOnToolsVersion = 11.0;
						TestTargetID = 57AD314C22AE6B50009EEB1F;
					};
					57AD316D22AE6B51009EEB1F = {
						CreatedOnToolsVersion = 11.0;
						TestTargetID = 57AD314C22AE6B50009EEB1F;
					};
				};
			};
			buildConfigurationList = 57AD314822AE6B50009EEB1F /* Build configuration list for PBXProject "WSEISchedule" */;
			compatibilityVersion = "Xcode 12.0";
			developmentRegion = en;
			hasScannedForEncodings = 0;
			knownRegions = (
				en,
				Base,
				pl,
			);
			mainGroup = 57AD314422AE6B50009EEB1F;
			packageReferences = (
				50BB499826A351AE00BFE87B /* XCRemoteSwiftPackageReference "SwiftSoup" */,
				50E4FE312D594DF0007F5962 /* XCRemoteSwiftPackageReference "xcstrings-tool-plugin" */,
			);
			productRefGroup = 57AD314E22AE6B50009EEB1F /* Products */;
			projectDirPath = "";
			projectRoot = "";
			targets = (
				57AD314C22AE6B50009EEB1F /* WSEISchedule */,
				57AD316222AE6B51009EEB1F /* WSEIScheduleTests */,
				57AD316D22AE6B51009EEB1F /* WSEIScheduleUITests */,
				500F218A29B78F43007E8D3E /* WSEIScheduleWatch */,
				57A6BEA52530904700E9B26C /* ScheduleWidgetExtension */,
			);
		};
/* End PBXProject section */

/* Begin PBXResourcesBuildPhase section */
		500F218929B78F43007E8D3E /* Resources */ = {
			isa = PBXResourcesBuildPhase;
			buildActionMask = 2147483647;
			files = (
			);
			runOnlyForDeploymentPostprocessing = 0;
		};
		57A6BEA42530904700E9B26C /* Resources */ = {
			isa = PBXResourcesBuildPhase;
			buildActionMask = 2147483647;
			files = (
			);
			runOnlyForDeploymentPostprocessing = 0;
		};
		57AD314B22AE6B50009EEB1F /* Resources */ = {
			isa = PBXResourcesBuildPhase;
			buildActionMask = 2147483647;
			files = (
			);
			runOnlyForDeploymentPostprocessing = 0;
		};
		57AD316122AE6B51009EEB1F /* Resources */ = {
			isa = PBXResourcesBuildPhase;
			buildActionMask = 2147483647;
			files = (
			);
			runOnlyForDeploymentPostprocessing = 0;
		};
		57AD316C22AE6B51009EEB1F /* Resources */ = {
			isa = PBXResourcesBuildPhase;
			buildActionMask = 2147483647;
			files = (
			);
			runOnlyForDeploymentPostprocessing = 0;
		};
/* End PBXResourcesBuildPhase section */

/* Begin PBXSourcesBuildPhase section */
		500F218729B78F43007E8D3E /* Sources */ = {
			isa = PBXSourcesBuildPhase;
			buildActionMask = 2147483647;
			files = (
			);
			runOnlyForDeploymentPostprocessing = 0;
		};
		57A6BEA22530904700E9B26C /* Sources */ = {
			isa = PBXSourcesBuildPhase;
			buildActionMask = 2147483647;
			files = (
			);
			runOnlyForDeploymentPostprocessing = 0;
		};
		57AD314922AE6B50009EEB1F /* Sources */ = {
			isa = PBXSourcesBuildPhase;
			buildActionMask = 2147483647;
			files = (
			);
			runOnlyForDeploymentPostprocessing = 0;
		};
		57AD315F22AE6B51009EEB1F /* Sources */ = {
			isa = PBXSourcesBuildPhase;
			buildActionMask = 2147483647;
			files = (
			);
			runOnlyForDeploymentPostprocessing = 0;
		};
		57AD316A22AE6B51009EEB1F /* Sources */ = {
			isa = PBXSourcesBuildPhase;
			buildActionMask = 2147483647;
			files = (
			);
			runOnlyForDeploymentPostprocessing = 0;
		};
/* End PBXSourcesBuildPhase section */

/* Begin PBXTargetDependency section */
		500F21AD29B78F44007E8D3E /* PBXTargetDependency */ = {
			isa = PBXTargetDependency;
			platformFilter = ios;
			target = 500F218A29B78F43007E8D3E /* WSEIScheduleWatch */;
			targetProxy = 500F21AC29B78F44007E8D3E /* PBXContainerItemProxy */;
		};
		50E4FE452D59585F007F5962 /* PBXTargetDependency */ = {
			isa = PBXTargetDependency;
			productRef = 50E4FE442D59585F007F5962 /* XCStringsToolPlugin */;
		};
		50E4FE5E2D595CC3007F5962 /* PBXTargetDependency */ = {
			isa = PBXTargetDependency;
			productRef = 50E4FE5D2D595CC3007F5962 /* XCStringsToolPlugin */;
		};
		50E4FE602D595CC7007F5962 /* PBXTargetDependency */ = {
			isa = PBXTargetDependency;
			productRef = 50E4FE5F2D595CC7007F5962 /* XCStringsToolPlugin */;
		};
		57A6BEB22530904800E9B26C /* PBXTargetDependency */ = {
			isa = PBXTargetDependency;
			target = 57A6BEA52530904700E9B26C /* ScheduleWidgetExtension */;
			targetProxy = 57A6BEB12530904800E9B26C /* PBXContainerItemProxy */;
		};
		57AD316522AE6B51009EEB1F /* PBXTargetDependency */ = {
			isa = PBXTargetDependency;
			target = 57AD314C22AE6B50009EEB1F /* WSEISchedule */;
			targetProxy = 57AD316422AE6B51009EEB1F /* PBXContainerItemProxy */;
		};
		57AD317022AE6B51009EEB1F /* PBXTargetDependency */ = {
			isa = PBXTargetDependency;
			target = 57AD314C22AE6B50009EEB1F /* WSEISchedule */;
			targetProxy = 57AD316F22AE6B51009EEB1F /* PBXContainerItemProxy */;
		};
/* End PBXTargetDependency section */

/* Begin XCBuildConfiguration section */
		500F21B029B78F44007E8D3E /* Debug */ = {
			isa = XCBuildConfiguration;
			buildSettings = {
				ASSETCATALOG_COMPILER_APPICON_NAME = AppIcon;
				ASSETCATALOG_COMPILER_COMPLICATION_NAME = Complication;
				ASSETCATALOG_COMPILER_GLOBAL_ACCENT_COLOR_NAME = AccentColor;
				CLANG_CXX_LANGUAGE_STANDARD = "gnu++20";
				CODE_SIGN_STYLE = Automatic;
				CURRENT_PROJECT_VERSION = 31400;
				DEVELOPMENT_TEAM = 5S8XF46499;
				ENABLE_PREVIEWS = YES;
				GENERATE_INFOPLIST_FILE = YES;
				INFOPLIST_FILE = WSEIScheduleWatch/Info.plist;
				INFOPLIST_KEY_CFBundleDisplayName = "WSEI Schedule";
				INFOPLIST_KEY_CLKComplicationPrincipalClass = WSEIScheduleWatch.ComplicationController;
				INFOPLIST_KEY_UISupportedInterfaceOrientations = "UIInterfaceOrientationPortrait UIInterfaceOrientationPortraitUpsideDown";
				INFOPLIST_KEY_WKCompanionAppBundleIdentifier = "com.InfinityPi.WSEI-Schedule";
				LD_RUNPATH_SEARCH_PATHS = (
					"$(inherited)",
					"@executable_path/Frameworks",
				);
				MARKETING_VERSION = 3.1.4;
				PRODUCT_BUNDLE_IDENTIFIER = "com.InfinityPi.WSEI-Schedule.watchkitapp";
				PRODUCT_NAME = "$(TARGET_NAME)";
				SDKROOT = watchos;
				SKIP_INSTALL = YES;
				SWIFT_EMIT_LOC_STRINGS = YES;
				SWIFT_VERSION = 5.0;
				TARGETED_DEVICE_FAMILY = 4;
				WATCHOS_DEPLOYMENT_TARGET = 7.0;
			};
			name = Debug;
		};
		500F21B129B78F44007E8D3E /* Release */ = {
			isa = XCBuildConfiguration;
			buildSettings = {
				ASSETCATALOG_COMPILER_APPICON_NAME = AppIcon;
				ASSETCATALOG_COMPILER_COMPLICATION_NAME = Complication;
				ASSETCATALOG_COMPILER_GLOBAL_ACCENT_COLOR_NAME = AccentColor;
				CLANG_CXX_LANGUAGE_STANDARD = "gnu++20";
				CODE_SIGN_STYLE = Automatic;
				CURRENT_PROJECT_VERSION = 31400;
				DEVELOPMENT_TEAM = 5S8XF46499;
				ENABLE_PREVIEWS = YES;
				GENERATE_INFOPLIST_FILE = YES;
				INFOPLIST_FILE = WSEIScheduleWatch/Info.plist;
				INFOPLIST_KEY_CFBundleDisplayName = "WSEI Schedule";
				INFOPLIST_KEY_CLKComplicationPrincipalClass = WSEIScheduleWatch.ComplicationController;
				INFOPLIST_KEY_UISupportedInterfaceOrientations = "UIInterfaceOrientationPortrait UIInterfaceOrientationPortraitUpsideDown";
				INFOPLIST_KEY_WKCompanionAppBundleIdentifier = "com.InfinityPi.WSEI-Schedule";
				LD_RUNPATH_SEARCH_PATHS = (
					"$(inherited)",
					"@executable_path/Frameworks",
				);
				MARKETING_VERSION = 3.1.4;
				PRODUCT_BUNDLE_IDENTIFIER = "com.InfinityPi.WSEI-Schedule.watchkitapp";
				PRODUCT_NAME = "$(TARGET_NAME)";
				SDKROOT = watchos;
				SKIP_INSTALL = YES;
				SWIFT_EMIT_LOC_STRINGS = YES;
				SWIFT_VERSION = 5.0;
				TARGETED_DEVICE_FAMILY = 4;
				WATCHOS_DEPLOYMENT_TARGET = 7.0;
			};
			name = Release;
		};
		50B9863229BF61E60066C831 /* Debug Mock */ = {
			isa = XCBuildConfiguration;
			buildSettings = {
				ALWAYS_SEARCH_USER_PATHS = NO;
				CLANG_ANALYZER_LOCALIZABILITY_NONLOCALIZED = YES;
				CLANG_ANALYZER_NONNULL = YES;
				CLANG_ANALYZER_NUMBER_OBJECT_CONVERSION = YES_AGGRESSIVE;
				CLANG_CXX_LANGUAGE_STANDARD = "gnu++14";
				CLANG_CXX_LIBRARY = "libc++";
				CLANG_ENABLE_MODULES = YES;
				CLANG_ENABLE_OBJC_ARC = YES;
				CLANG_ENABLE_OBJC_WEAK = YES;
				CLANG_WARN_BLOCK_CAPTURE_AUTORELEASING = YES;
				CLANG_WARN_BOOL_CONVERSION = YES;
				CLANG_WARN_COMMA = YES;
				CLANG_WARN_CONSTANT_CONVERSION = YES;
				CLANG_WARN_DEPRECATED_OBJC_IMPLEMENTATIONS = YES;
				CLANG_WARN_DIRECT_OBJC_ISA_USAGE = YES_ERROR;
				CLANG_WARN_DOCUMENTATION_COMMENTS = YES;
				CLANG_WARN_EMPTY_BODY = YES;
				CLANG_WARN_ENUM_CONVERSION = YES;
				CLANG_WARN_INFINITE_RECURSION = YES;
				CLANG_WARN_INT_CONVERSION = YES;
				CLANG_WARN_NON_LITERAL_NULL_CONVERSION = YES;
				CLANG_WARN_OBJC_IMPLICIT_RETAIN_SELF = YES;
				CLANG_WARN_OBJC_LITERAL_CONVERSION = YES;
				CLANG_WARN_OBJC_ROOT_CLASS = YES_ERROR;
				CLANG_WARN_QUOTED_INCLUDE_IN_FRAMEWORK_HEADER = YES;
				CLANG_WARN_RANGE_LOOP_ANALYSIS = YES;
				CLANG_WARN_STRICT_PROTOTYPES = YES;
				CLANG_WARN_SUSPICIOUS_MOVE = YES;
				CLANG_WARN_UNGUARDED_AVAILABILITY = YES_AGGRESSIVE;
				CLANG_WARN_UNREACHABLE_CODE = YES;
				CLANG_WARN__DUPLICATE_METHOD_MATCH = YES;
				COPY_PHASE_STRIP = NO;
				DEBUG_INFORMATION_FORMAT = dwarf;
				ENABLE_STRICT_OBJC_MSGSEND = YES;
				ENABLE_TESTABILITY = YES;
				GCC_C_LANGUAGE_STANDARD = gnu11;
				GCC_DYNAMIC_NO_PIC = NO;
				GCC_NO_COMMON_BLOCKS = YES;
				GCC_OPTIMIZATION_LEVEL = 0;
				GCC_PREPROCESSOR_DEFINITIONS = (
					"DEBUG=1",
					"$(inherited)",
				);
				GCC_WARN_64_TO_32_BIT_CONVERSION = YES;
				GCC_WARN_ABOUT_RETURN_TYPE = YES_ERROR;
				GCC_WARN_UNDECLARED_SELECTOR = YES;
				GCC_WARN_UNINITIALIZED_AUTOS = YES_AGGRESSIVE;
				GCC_WARN_UNUSED_FUNCTION = YES;
				GCC_WARN_UNUSED_VARIABLE = YES;
				IPHONEOS_DEPLOYMENT_TARGET = 14.0;
				LOCALIZATION_PREFERS_STRING_CATALOGS = YES;
				MTL_ENABLE_DEBUG_INFO = INCLUDE_SOURCE;
				MTL_FAST_MATH = YES;
				ONLY_ACTIVE_ARCH = YES;
				OTHER_SWIFT_FLAGS = "-DMOCK";
				SDKROOT = iphoneos;
				SWIFT_ACTIVE_COMPILATION_CONDITIONS = DEBUG;
				SWIFT_EMIT_LOC_STRINGS = YES;
				SWIFT_OPTIMIZATION_LEVEL = "-Onone";
				WATCHOS_DEPLOYMENT_TARGET = 7.0;
			};
			name = "Debug Mock";
		};
		50B9863329BF61E60066C831 /* Debug Mock */ = {
			isa = XCBuildConfiguration;
			buildSettings = {
				ASSETCATALOG_COMPILER_APPICON_NAME = AppIcon;
				CODE_SIGN_ENTITLEMENTS = WSEISchedule/WSEISchedule.entitlements;
				CODE_SIGN_STYLE = Automatic;
				CURRENT_PROJECT_VERSION = 31400;
				DEVELOPMENT_ASSET_PATHS = "WSEISchedule/Preview\\ Content WSEISchedule/Resources/Mocks";
				DEVELOPMENT_TEAM = 5S8XF46499;
				ENABLE_PREVIEWS = YES;
				INFOPLIST_FILE = WSEISchedule/Info.plist;
				INFOPLIST_KEY_LSApplicationCategoryType = "public.app-category.education";
				IPHONEOS_DEPLOYMENT_TARGET = 14.0;
				LD_RUNPATH_SEARCH_PATHS = (
					"$(inherited)",
					"@executable_path/Frameworks",
				);
				MACOSX_DEPLOYMENT_TARGET = 11.0;
				MARKETING_VERSION = 3.1.4;
				PRODUCT_BUNDLE_IDENTIFIER = "com.InfinityPi.WSEI-Schedule";
				PRODUCT_NAME = "$(TARGET_NAME)";
				SUPPORTS_MACCATALYST = YES;
				SUPPORTS_UIKITFORMAC = YES;
				SWIFT_VERSION = 5.0;
				TARGETED_DEVICE_FAMILY = "1,2,6";
			};
			name = "Debug Mock";
		};
		50B9863429BF61E60066C831 /* Debug Mock */ = {
			isa = XCBuildConfiguration;
			buildSettings = {
				BUNDLE_LOADER = "$(TEST_HOST)";
				CODE_SIGN_STYLE = Automatic;
				DEVELOPMENT_TEAM = 5S8XF46499;
				INFOPLIST_FILE = WSEIScheduleTests/Info.plist;
				LD_RUNPATH_SEARCH_PATHS = (
					"$(inherited)",
					"@executable_path/Frameworks",
					"@loader_path/Frameworks",
				);
				MACOSX_DEPLOYMENT_TARGET = 11.0;
				PRODUCT_BUNDLE_IDENTIFIER = com.InfinityPi.WSEIScheduleTests;
				PRODUCT_NAME = "$(TARGET_NAME)";
				SWIFT_VERSION = 5.0;
				TARGETED_DEVICE_FAMILY = "1,2,6";
				TEST_HOST = "$(BUILT_PRODUCTS_DIR)/WSEISchedule.app/WSEISchedule";
			};
			name = "Debug Mock";
		};
		50B9863529BF61E60066C831 /* Debug Mock */ = {
			isa = XCBuildConfiguration;
			buildSettings = {
				CODE_SIGN_STYLE = Automatic;
				DEVELOPMENT_TEAM = 5S8XF46499;
				INFOPLIST_FILE = WSEIScheduleUITests/Info.plist;
				LD_RUNPATH_SEARCH_PATHS = (
					"$(inherited)",
					"@executable_path/Frameworks",
					"@loader_path/Frameworks",
				);
				MACOSX_DEPLOYMENT_TARGET = 11.0;
				PRODUCT_BUNDLE_IDENTIFIER = com.InfinityPi.WSEIScheduleUITests;
				PRODUCT_NAME = "$(TARGET_NAME)";
				SWIFT_VERSION = 5.0;
				TARGETED_DEVICE_FAMILY = "1,2,6";
				TEST_TARGET_NAME = WSEISchedule;
			};
			name = "Debug Mock";
		};
		50B9863629BF61E60066C831 /* Debug Mock */ = {
			isa = XCBuildConfiguration;
			buildSettings = {
				ASSETCATALOG_COMPILER_APPICON_NAME = AppIcon;
				ASSETCATALOG_COMPILER_COMPLICATION_NAME = Complication;
				ASSETCATALOG_COMPILER_GLOBAL_ACCENT_COLOR_NAME = AccentColor;
				CLANG_CXX_LANGUAGE_STANDARD = "gnu++20";
				CODE_SIGN_STYLE = Automatic;
				CURRENT_PROJECT_VERSION = 31400;
				DEVELOPMENT_TEAM = 5S8XF46499;
				ENABLE_PREVIEWS = YES;
				GENERATE_INFOPLIST_FILE = YES;
				INFOPLIST_FILE = WSEIScheduleWatch/Info.plist;
				INFOPLIST_KEY_CFBundleDisplayName = "WSEI Schedule";
				INFOPLIST_KEY_CLKComplicationPrincipalClass = WSEIScheduleWatch.ComplicationController;
				INFOPLIST_KEY_UISupportedInterfaceOrientations = "UIInterfaceOrientationPortrait UIInterfaceOrientationPortraitUpsideDown";
				INFOPLIST_KEY_WKCompanionAppBundleIdentifier = "com.InfinityPi.WSEI-Schedule";
				LD_RUNPATH_SEARCH_PATHS = (
					"$(inherited)",
					"@executable_path/Frameworks",
				);
				MARKETING_VERSION = 3.1.4;
				PRODUCT_BUNDLE_IDENTIFIER = "com.InfinityPi.WSEI-Schedule.watchkitapp";
				PRODUCT_NAME = "$(TARGET_NAME)";
				SDKROOT = watchos;
				SKIP_INSTALL = YES;
				SWIFT_EMIT_LOC_STRINGS = YES;
				SWIFT_VERSION = 5.0;
				TARGETED_DEVICE_FAMILY = 4;
				WATCHOS_DEPLOYMENT_TARGET = 7.0;
			};
			name = "Debug Mock";
		};
		50B9863729BF61E60066C831 /* Debug Mock */ = {
			isa = XCBuildConfiguration;
			buildSettings = {
				ASSETCATALOG_COMPILER_GLOBAL_ACCENT_COLOR_NAME = AccentColor;
				ASSETCATALOG_COMPILER_WIDGET_BACKGROUND_COLOR_NAME = WidgetBackground;
				CLANG_ENABLE_MODULES = YES;
				CODE_SIGN_ENTITLEMENTS = ScheduleWidgetExtension.entitlements;
				CODE_SIGN_STYLE = Automatic;
				CURRENT_PROJECT_VERSION = 31400;
				DEVELOPMENT_TEAM = 5S8XF46499;
				INFOPLIST_FILE = ScheduleWidget/Info.plist;
				IPHONEOS_DEPLOYMENT_TARGET = 14.0;
				LD_RUNPATH_SEARCH_PATHS = (
					"$(inherited)",
					"@executable_path/Frameworks",
					"@executable_path/../../Frameworks",
				);
				MACOSX_DEPLOYMENT_TARGET = 11.0;
				MARKETING_VERSION = 3.1.4;
				PRODUCT_BUNDLE_IDENTIFIER = "com.InfinityPi.WSEI-Schedule.ScheduleWidget";
				PRODUCT_NAME = "$(TARGET_NAME)";
				SKIP_INSTALL = YES;
				SUPPORTS_MACCATALYST = YES;
				SWIFT_OPTIMIZATION_LEVEL = "-Onone";
				SWIFT_VERSION = 5.0;
				TARGETED_DEVICE_FAMILY = "1,2,6";
			};
			name = "Debug Mock";
		};
		57A6BEB52530904900E9B26C /* Debug */ = {
			isa = XCBuildConfiguration;
			buildSettings = {
				ASSETCATALOG_COMPILER_GLOBAL_ACCENT_COLOR_NAME = AccentColor;
				ASSETCATALOG_COMPILER_WIDGET_BACKGROUND_COLOR_NAME = WidgetBackground;
				CLANG_ENABLE_MODULES = YES;
				CODE_SIGN_ENTITLEMENTS = ScheduleWidgetExtension.entitlements;
				CODE_SIGN_STYLE = Automatic;
				CURRENT_PROJECT_VERSION = 31400;
				DEVELOPMENT_TEAM = 5S8XF46499;
				INFOPLIST_FILE = ScheduleWidget/Info.plist;
				IPHONEOS_DEPLOYMENT_TARGET = 14.0;
				LD_RUNPATH_SEARCH_PATHS = (
					"$(inherited)",
					"@executable_path/Frameworks",
					"@executable_path/../../Frameworks",
				);
				MACOSX_DEPLOYMENT_TARGET = 11.0;
				MARKETING_VERSION = 3.1.4;
				PRODUCT_BUNDLE_IDENTIFIER = "com.InfinityPi.WSEI-Schedule.ScheduleWidget";
				PRODUCT_NAME = "$(TARGET_NAME)";
				SKIP_INSTALL = YES;
				SUPPORTS_MACCATALYST = YES;
				SWIFT_OPTIMIZATION_LEVEL = "-Onone";
				SWIFT_VERSION = 5.0;
				TARGETED_DEVICE_FAMILY = "1,2,6";
			};
			name = Debug;
		};
		57A6BEB62530904900E9B26C /* Release */ = {
			isa = XCBuildConfiguration;
			buildSettings = {
				ASSETCATALOG_COMPILER_GLOBAL_ACCENT_COLOR_NAME = AccentColor;
				ASSETCATALOG_COMPILER_WIDGET_BACKGROUND_COLOR_NAME = WidgetBackground;
				CLANG_ENABLE_MODULES = YES;
				CODE_SIGN_ENTITLEMENTS = ScheduleWidgetExtension.entitlements;
				CODE_SIGN_STYLE = Automatic;
				CURRENT_PROJECT_VERSION = 31400;
				DEVELOPMENT_TEAM = 5S8XF46499;
				INFOPLIST_FILE = ScheduleWidget/Info.plist;
				IPHONEOS_DEPLOYMENT_TARGET = 14.0;
				LD_RUNPATH_SEARCH_PATHS = (
					"$(inherited)",
					"@executable_path/Frameworks",
					"@executable_path/../../Frameworks",
				);
				MACOSX_DEPLOYMENT_TARGET = 11.0;
				MARKETING_VERSION = 3.1.4;
				PRODUCT_BUNDLE_IDENTIFIER = "com.InfinityPi.WSEI-Schedule.ScheduleWidget";
				PRODUCT_NAME = "$(TARGET_NAME)";
				SKIP_INSTALL = YES;
				SUPPORTS_MACCATALYST = YES;
				SWIFT_VERSION = 5.0;
				TARGETED_DEVICE_FAMILY = "1,2,6";
			};
			name = Release;
		};
		57AD317522AE6B51009EEB1F /* Debug */ = {
			isa = XCBuildConfiguration;
			buildSettings = {
				ALWAYS_SEARCH_USER_PATHS = NO;
				CLANG_ANALYZER_LOCALIZABILITY_NONLOCALIZED = YES;
				CLANG_ANALYZER_NONNULL = YES;
				CLANG_ANALYZER_NUMBER_OBJECT_CONVERSION = YES_AGGRESSIVE;
				CLANG_CXX_LANGUAGE_STANDARD = "gnu++14";
				CLANG_CXX_LIBRARY = "libc++";
				CLANG_ENABLE_MODULES = YES;
				CLANG_ENABLE_OBJC_ARC = YES;
				CLANG_ENABLE_OBJC_WEAK = YES;
				CLANG_WARN_BLOCK_CAPTURE_AUTORELEASING = YES;
				CLANG_WARN_BOOL_CONVERSION = YES;
				CLANG_WARN_COMMA = YES;
				CLANG_WARN_CONSTANT_CONVERSION = YES;
				CLANG_WARN_DEPRECATED_OBJC_IMPLEMENTATIONS = YES;
				CLANG_WARN_DIRECT_OBJC_ISA_USAGE = YES_ERROR;
				CLANG_WARN_DOCUMENTATION_COMMENTS = YES;
				CLANG_WARN_EMPTY_BODY = YES;
				CLANG_WARN_ENUM_CONVERSION = YES;
				CLANG_WARN_INFINITE_RECURSION = YES;
				CLANG_WARN_INT_CONVERSION = YES;
				CLANG_WARN_NON_LITERAL_NULL_CONVERSION = YES;
				CLANG_WARN_OBJC_IMPLICIT_RETAIN_SELF = YES;
				CLANG_WARN_OBJC_LITERAL_CONVERSION = YES;
				CLANG_WARN_OBJC_ROOT_CLASS = YES_ERROR;
				CLANG_WARN_QUOTED_INCLUDE_IN_FRAMEWORK_HEADER = YES;
				CLANG_WARN_RANGE_LOOP_ANALYSIS = YES;
				CLANG_WARN_STRICT_PROTOTYPES = YES;
				CLANG_WARN_SUSPICIOUS_MOVE = YES;
				CLANG_WARN_UNGUARDED_AVAILABILITY = YES_AGGRESSIVE;
				CLANG_WARN_UNREACHABLE_CODE = YES;
				CLANG_WARN__DUPLICATE_METHOD_MATCH = YES;
				COPY_PHASE_STRIP = NO;
				DEBUG_INFORMATION_FORMAT = dwarf;
				ENABLE_STRICT_OBJC_MSGSEND = YES;
				ENABLE_TESTABILITY = YES;
				GCC_C_LANGUAGE_STANDARD = gnu11;
				GCC_DYNAMIC_NO_PIC = NO;
				GCC_NO_COMMON_BLOCKS = YES;
				GCC_OPTIMIZATION_LEVEL = 0;
				GCC_PREPROCESSOR_DEFINITIONS = (
					"DEBUG=1",
					"$(inherited)",
				);
				GCC_WARN_64_TO_32_BIT_CONVERSION = YES;
				GCC_WARN_ABOUT_RETURN_TYPE = YES_ERROR;
				GCC_WARN_UNDECLARED_SELECTOR = YES;
				GCC_WARN_UNINITIALIZED_AUTOS = YES_AGGRESSIVE;
				GCC_WARN_UNUSED_FUNCTION = YES;
				GCC_WARN_UNUSED_VARIABLE = YES;
				IPHONEOS_DEPLOYMENT_TARGET = 14.0;
				LOCALIZATION_PREFERS_STRING_CATALOGS = YES;
				MTL_ENABLE_DEBUG_INFO = INCLUDE_SOURCE;
				MTL_FAST_MATH = YES;
				ONLY_ACTIVE_ARCH = YES;
				OTHER_SWIFT_FLAGS = "-DDEV";
				SDKROOT = iphoneos;
				SWIFT_ACTIVE_COMPILATION_CONDITIONS = DEBUG;
				SWIFT_EMIT_LOC_STRINGS = YES;
				SWIFT_OPTIMIZATION_LEVEL = "-Onone";
				WATCHOS_DEPLOYMENT_TARGET = 7.0;
			};
			name = Debug;
		};
		57AD317622AE6B51009EEB1F /* Release */ = {
			isa = XCBuildConfiguration;
			buildSettings = {
				ALWAYS_SEARCH_USER_PATHS = NO;
				CLANG_ANALYZER_LOCALIZABILITY_NONLOCALIZED = YES;
				CLANG_ANALYZER_NONNULL = YES;
				CLANG_ANALYZER_NUMBER_OBJECT_CONVERSION = YES_AGGRESSIVE;
				CLANG_CXX_LANGUAGE_STANDARD = "gnu++14";
				CLANG_CXX_LIBRARY = "libc++";
				CLANG_ENABLE_MODULES = YES;
				CLANG_ENABLE_OBJC_ARC = YES;
				CLANG_ENABLE_OBJC_WEAK = YES;
				CLANG_WARN_BLOCK_CAPTURE_AUTORELEASING = YES;
				CLANG_WARN_BOOL_CONVERSION = YES;
				CLANG_WARN_COMMA = YES;
				CLANG_WARN_CONSTANT_CONVERSION = YES;
				CLANG_WARN_DEPRECATED_OBJC_IMPLEMENTATIONS = YES;
				CLANG_WARN_DIRECT_OBJC_ISA_USAGE = YES_ERROR;
				CLANG_WARN_DOCUMENTATION_COMMENTS = YES;
				CLANG_WARN_EMPTY_BODY = YES;
				CLANG_WARN_ENUM_CONVERSION = YES;
				CLANG_WARN_INFINITE_RECURSION = YES;
				CLANG_WARN_INT_CONVERSION = YES;
				CLANG_WARN_NON_LITERAL_NULL_CONVERSION = YES;
				CLANG_WARN_OBJC_IMPLICIT_RETAIN_SELF = YES;
				CLANG_WARN_OBJC_LITERAL_CONVERSION = YES;
				CLANG_WARN_OBJC_ROOT_CLASS = YES_ERROR;
				CLANG_WARN_QUOTED_INCLUDE_IN_FRAMEWORK_HEADER = YES;
				CLANG_WARN_RANGE_LOOP_ANALYSIS = YES;
				CLANG_WARN_STRICT_PROTOTYPES = YES;
				CLANG_WARN_SUSPICIOUS_MOVE = YES;
				CLANG_WARN_UNGUARDED_AVAILABILITY = YES_AGGRESSIVE;
				CLANG_WARN_UNREACHABLE_CODE = YES;
				CLANG_WARN__DUPLICATE_METHOD_MATCH = YES;
				COPY_PHASE_STRIP = NO;
				DEBUG_INFORMATION_FORMAT = "dwarf-with-dsym";
				ENABLE_NS_ASSERTIONS = NO;
				ENABLE_STRICT_OBJC_MSGSEND = YES;
				GCC_C_LANGUAGE_STANDARD = gnu11;
				GCC_NO_COMMON_BLOCKS = YES;
				GCC_WARN_64_TO_32_BIT_CONVERSION = YES;
				GCC_WARN_ABOUT_RETURN_TYPE = YES_ERROR;
				GCC_WARN_UNDECLARED_SELECTOR = YES;
				GCC_WARN_UNINITIALIZED_AUTOS = YES_AGGRESSIVE;
				GCC_WARN_UNUSED_FUNCTION = YES;
				GCC_WARN_UNUSED_VARIABLE = YES;
				IPHONEOS_DEPLOYMENT_TARGET = 14.0;
				LOCALIZATION_PREFERS_STRING_CATALOGS = YES;
				MTL_ENABLE_DEBUG_INFO = NO;
				MTL_FAST_MATH = YES;
				SDKROOT = iphoneos;
				SWIFT_COMPILATION_MODE = wholemodule;
				SWIFT_EMIT_LOC_STRINGS = YES;
				SWIFT_OPTIMIZATION_LEVEL = "-O";
				VALIDATE_PRODUCT = YES;
				WATCHOS_DEPLOYMENT_TARGET = 7.0;
			};
			name = Release;
		};
		57AD317822AE6B51009EEB1F /* Debug */ = {
			isa = XCBuildConfiguration;
			buildSettings = {
				ASSETCATALOG_COMPILER_APPICON_NAME = AppIcon;
				CODE_SIGN_ENTITLEMENTS = WSEISchedule/WSEISchedule.entitlements;
				CODE_SIGN_STYLE = Automatic;
				CURRENT_PROJECT_VERSION = 31400;
				DEVELOPMENT_ASSET_PATHS = "WSEISchedule/Preview\\ Content WSEISchedule/Resources/Mocks";
				DEVELOPMENT_TEAM = 5S8XF46499;
				ENABLE_PREVIEWS = YES;
				INFOPLIST_FILE = WSEISchedule/Info.plist;
				INFOPLIST_KEY_LSApplicationCategoryType = "public.app-category.education";
				IPHONEOS_DEPLOYMENT_TARGET = 14.0;
				LD_RUNPATH_SEARCH_PATHS = (
					"$(inherited)",
					"@executable_path/Frameworks",
				);
				MACOSX_DEPLOYMENT_TARGET = 11.0;
				MARKETING_VERSION = 3.1.4;
				PRODUCT_BUNDLE_IDENTIFIER = "com.InfinityPi.WSEI-Schedule";
				PRODUCT_NAME = "$(TARGET_NAME)";
				SUPPORTS_MACCATALYST = YES;
				SUPPORTS_UIKITFORMAC = YES;
				SWIFT_VERSION = 5.0;
				TARGETED_DEVICE_FAMILY = "1,2,6";
			};
			name = Debug;
		};
		57AD317922AE6B51009EEB1F /* Release */ = {
			isa = XCBuildConfiguration;
			buildSettings = {
				ASSETCATALOG_COMPILER_APPICON_NAME = AppIcon;
				CODE_SIGN_ENTITLEMENTS = WSEISchedule/WSEISchedule.entitlements;
				CODE_SIGN_STYLE = Automatic;
				CURRENT_PROJECT_VERSION = 31400;
				DEVELOPMENT_ASSET_PATHS = "WSEISchedule/Preview\\ Content WSEISchedule/Resources/Mocks";
				DEVELOPMENT_TEAM = 5S8XF46499;
				ENABLE_PREVIEWS = YES;
				INFOPLIST_FILE = WSEISchedule/Info.plist;
				INFOPLIST_KEY_LSApplicationCategoryType = "public.app-category.education";
				IPHONEOS_DEPLOYMENT_TARGET = 14.0;
				LD_RUNPATH_SEARCH_PATHS = (
					"$(inherited)",
					"@executable_path/Frameworks",
				);
				MACOSX_DEPLOYMENT_TARGET = 11.0;
				MARKETING_VERSION = 3.1.4;
				PRODUCT_BUNDLE_IDENTIFIER = "com.InfinityPi.WSEI-Schedule";
				PRODUCT_NAME = "$(TARGET_NAME)";
				SUPPORTS_MACCATALYST = YES;
				SUPPORTS_UIKITFORMAC = YES;
				SWIFT_VERSION = 5.0;
				TARGETED_DEVICE_FAMILY = "1,2,6";
			};
			name = Release;
		};
		57AD317B22AE6B51009EEB1F /* Debug */ = {
			isa = XCBuildConfiguration;
			buildSettings = {
				BUNDLE_LOADER = "$(TEST_HOST)";
				CODE_SIGN_STYLE = Automatic;
				DEVELOPMENT_TEAM = 5S8XF46499;
				INFOPLIST_FILE = WSEIScheduleTests/Info.plist;
				LD_RUNPATH_SEARCH_PATHS = (
					"$(inherited)",
					"@executable_path/Frameworks",
					"@loader_path/Frameworks",
				);
				MACOSX_DEPLOYMENT_TARGET = 11.0;
				PRODUCT_BUNDLE_IDENTIFIER = com.InfinityPi.WSEIScheduleTests;
				PRODUCT_NAME = "$(TARGET_NAME)";
				SWIFT_VERSION = 5.0;
				TARGETED_DEVICE_FAMILY = "1,2,6";
				TEST_HOST = "$(BUILT_PRODUCTS_DIR)/WSEISchedule.app/WSEISchedule";
			};
			name = Debug;
		};
		57AD317C22AE6B51009EEB1F /* Release */ = {
			isa = XCBuildConfiguration;
			buildSettings = {
				BUNDLE_LOADER = "$(TEST_HOST)";
				CODE_SIGN_STYLE = Automatic;
				DEVELOPMENT_TEAM = 5S8XF46499;
				INFOPLIST_FILE = WSEIScheduleTests/Info.plist;
				LD_RUNPATH_SEARCH_PATHS = (
					"$(inherited)",
					"@executable_path/Frameworks",
					"@loader_path/Frameworks",
				);
				MACOSX_DEPLOYMENT_TARGET = 11.0;
				PRODUCT_BUNDLE_IDENTIFIER = com.InfinityPi.WSEIScheduleTests;
				PRODUCT_NAME = "$(TARGET_NAME)";
				SWIFT_VERSION = 5.0;
				TARGETED_DEVICE_FAMILY = "1,2,6";
				TEST_HOST = "$(BUILT_PRODUCTS_DIR)/WSEISchedule.app/WSEISchedule";
			};
			name = Release;
		};
		57AD317E22AE6B51009EEB1F /* Debug */ = {
			isa = XCBuildConfiguration;
			buildSettings = {
				CODE_SIGN_STYLE = Automatic;
				DEVELOPMENT_TEAM = 5S8XF46499;
				INFOPLIST_FILE = WSEIScheduleUITests/Info.plist;
				LD_RUNPATH_SEARCH_PATHS = (
					"$(inherited)",
					"@executable_path/Frameworks",
					"@loader_path/Frameworks",
				);
				MACOSX_DEPLOYMENT_TARGET = 11.0;
				PRODUCT_BUNDLE_IDENTIFIER = com.InfinityPi.WSEIScheduleUITests;
				PRODUCT_NAME = "$(TARGET_NAME)";
				SWIFT_VERSION = 5.0;
				TARGETED_DEVICE_FAMILY = "1,2,6";
				TEST_TARGET_NAME = WSEISchedule;
			};
			name = Debug;
		};
		57AD317F22AE6B51009EEB1F /* Release */ = {
			isa = XCBuildConfiguration;
			buildSettings = {
				CODE_SIGN_STYLE = Automatic;
				DEVELOPMENT_TEAM = 5S8XF46499;
				INFOPLIST_FILE = WSEIScheduleUITests/Info.plist;
				LD_RUNPATH_SEARCH_PATHS = (
					"$(inherited)",
					"@executable_path/Frameworks",
					"@loader_path/Frameworks",
				);
				MACOSX_DEPLOYMENT_TARGET = 11.0;
				PRODUCT_BUNDLE_IDENTIFIER = com.InfinityPi.WSEIScheduleUITests;
				PRODUCT_NAME = "$(TARGET_NAME)";
				SWIFT_VERSION = 5.0;
				TARGETED_DEVICE_FAMILY = "1,2,6";
				TEST_TARGET_NAME = WSEISchedule;
			};
			name = Release;
		};
/* End XCBuildConfiguration section */

/* Begin XCConfigurationList section */
		500F21AF29B78F44007E8D3E /* Build configuration list for PBXNativeTarget "WSEIScheduleWatch" */ = {
			isa = XCConfigurationList;
			buildConfigurations = (
				500F21B029B78F44007E8D3E /* Debug */,
				50B9863629BF61E60066C831 /* Debug Mock */,
				500F21B129B78F44007E8D3E /* Release */,
			);
			defaultConfigurationIsVisible = 0;
			defaultConfigurationName = Release;
		};
		57A6BEB72530904900E9B26C /* Build configuration list for PBXNativeTarget "ScheduleWidgetExtension" */ = {
			isa = XCConfigurationList;
			buildConfigurations = (
				57A6BEB52530904900E9B26C /* Debug */,
				50B9863729BF61E60066C831 /* Debug Mock */,
				57A6BEB62530904900E9B26C /* Release */,
			);
			defaultConfigurationIsVisible = 0;
			defaultConfigurationName = Release;
		};
		57AD314822AE6B50009EEB1F /* Build configuration list for PBXProject "WSEISchedule" */ = {
			isa = XCConfigurationList;
			buildConfigurations = (
				57AD317522AE6B51009EEB1F /* Debug */,
				50B9863229BF61E60066C831 /* Debug Mock */,
				57AD317622AE6B51009EEB1F /* Release */,
			);
			defaultConfigurationIsVisible = 0;
			defaultConfigurationName = Release;
		};
		57AD317722AE6B51009EEB1F /* Build configuration list for PBXNativeTarget "WSEISchedule" */ = {
			isa = XCConfigurationList;
			buildConfigurations = (
				57AD317822AE6B51009EEB1F /* Debug */,
				50B9863329BF61E60066C831 /* Debug Mock */,
				57AD317922AE6B51009EEB1F /* Release */,
			);
			defaultConfigurationIsVisible = 0;
			defaultConfigurationName = Release;
		};
		57AD317A22AE6B51009EEB1F /* Build configuration list for PBXNativeTarget "WSEIScheduleTests" */ = {
			isa = XCConfigurationList;
			buildConfigurations = (
				57AD317B22AE6B51009EEB1F /* Debug */,
				50B9863429BF61E60066C831 /* Debug Mock */,
				57AD317C22AE6B51009EEB1F /* Release */,
			);
			defaultConfigurationIsVisible = 0;
			defaultConfigurationName = Release;
		};
		57AD317D22AE6B51009EEB1F /* Build configuration list for PBXNativeTarget "WSEIScheduleUITests" */ = {
			isa = XCConfigurationList;
			buildConfigurations = (
				57AD317E22AE6B51009EEB1F /* Debug */,
				50B9863529BF61E60066C831 /* Debug Mock */,
				57AD317F22AE6B51009EEB1F /* Release */,
			);
			defaultConfigurationIsVisible = 0;
			defaultConfigurationName = Release;
		};
/* End XCConfigurationList section */

/* Begin XCRemoteSwiftPackageReference section */
		50BB499826A351AE00BFE87B /* XCRemoteSwiftPackageReference "SwiftSoup" */ = {
			isa = XCRemoteSwiftPackageReference;
			repositoryURL = "https://github.com/scinfu/SwiftSoup.git";
			requirement = {
				kind = exactVersion;
				version = 2.7.7;
			};
		};
		50E4FE312D594DF0007F5962 /* XCRemoteSwiftPackageReference "xcstrings-tool-plugin" */ = {
			isa = XCRemoteSwiftPackageReference;
			repositoryURL = "https://github.com/liamnichols/xcstrings-tool-plugin";
			requirement = {
				kind = exactVersion;
				version = 1.0.0;
			};
		};
/* End XCRemoteSwiftPackageReference section */

/* Begin XCSwiftPackageProductDependency section */
		50BB499926A351AE00BFE87B /* SwiftSoup */ = {
			isa = XCSwiftPackageProductDependency;
			package = 50BB499826A351AE00BFE87B /* XCRemoteSwiftPackageReference "SwiftSoup" */;
			productName = SwiftSoup;
		};
		50E4FE442D59585F007F5962 /* XCStringsToolPlugin */ = {
			isa = XCSwiftPackageProductDependency;
			package = 50E4FE312D594DF0007F5962 /* XCRemoteSwiftPackageReference "xcstrings-tool-plugin" */;
			productName = "plugin:XCStringsToolPlugin";
		};
		50E4FE5D2D595CC3007F5962 /* XCStringsToolPlugin */ = {
			isa = XCSwiftPackageProductDependency;
			package = 50E4FE312D594DF0007F5962 /* XCRemoteSwiftPackageReference "xcstrings-tool-plugin" */;
			productName = "plugin:XCStringsToolPlugin";
		};
		50E4FE5F2D595CC7007F5962 /* XCStringsToolPlugin */ = {
			isa = XCSwiftPackageProductDependency;
			package = 50E4FE312D594DF0007F5962 /* XCRemoteSwiftPackageReference "xcstrings-tool-plugin" */;
			productName = "plugin:XCStringsToolPlugin";
		};
/* End XCSwiftPackageProductDependency section */
	};
	rootObject = 57AD314522AE6B50009EEB1F /* Project object */;
}
